
Microsoft Visual Studio Solution File, Format Version 12.00
# Visual Studio Version 16
VisualStudioVersion = 16.0.30717.126
MinimumVisualStudioVersion = 10.0.40219.1
Project("{FAE04EC0-301F-11D3-BF4B-00C04F79EFBC}") = "QuadTest", "QuadTest\QuadTest.csproj", "{58BD0254-015A-4574-9590-972A16164949}"
EndProject
Global
	GlobalSection(SolutionConfigurationPlatforms) = preSolution
		Debug|Any CPU = Debug|Any CPU
		Release|Any CPU = Release|Any CPU
	EndGlobalSection
	GlobalSection(ProjectConfigurationPlatforms) = postSolution
		{58BD0254-015A-4574-9590-972A16164949}.Debug|Any CPU.ActiveCfg = Debug|Any CPU
		{58BD0254-015A-4574-9590-972A16164949}.Debug|Any CPU.Build.0 = Debug|Any CPU
		{58BD0254-015A-4574-9590-972A16164949}.Release|Any CPU.ActiveCfg = Release|Any CPU
		{58BD0254-015A-4574-9590-972A16164949}.Release|Any CPU.Build.0 = Release|Any CPU
	EndGlobalSection
	GlobalSection(SolutionProperties) = preSolution
		HideSolutionNode = FALSE
	EndGlobalSection
	GlobalSection(ExtensibilityGlobals) = postSolution
		SolutionGuid = {EDF4E6C0-B911-4074-A660-9112F43DD253}
	EndGlobalSection
EndGlobal
